
Microsoft Visual Studio Solution File, Format Version 12.00
# Visual Studio Version 17
VisualStudioVersion = 17.3.32825.248
MinimumVisualStudioVersion = 10.0.40219.1
Project("{9A19103F-16F7-4668-BE54-9A1E7A4F7556}") = "Lab0", "Lab1\Lab0.csproj", "{34EE6F0D-5A3B-4C55-9924-66D17028A5AB}"
EndProject
Project("{9A19103F-16F7-4668-BE54-9A1E7A4F7556}") = "Lab01", "LMAO\Lab01.csproj", "{47EA2EAC-D02D-42A7-ABA8-7AA738D000D5}"
EndProject
Project("{9A19103F-16F7-4668-BE54-9A1E7A4F7556}") = "Lab02", "Lab02\Lab02.csproj", "{4C70BFB0-8C84-4D9D-9AB4-A5FEC5C5CC28}"
EndProject
Project("{9A19103F-16F7-4668-BE54-9A1E7A4F7556}") = "GameEngine", "GameEngine\GameEngine.csproj", "{3E92FC2B-B51C-4996-B93B-D5CE500B40B8}"
EndProject
Project("{9A19103F-16F7-4668-BE54-9A1E7A4F7556}") = "Lab03", "Lab03\Lab03.csproj", "{ECAF3457-2624-4C5E-BA6D-9B264C9F74DF}"
EndProject
Project("{9A19103F-16F7-4668-BE54-9A1E7A4F7556}") = "Lab04", "Lab04\Lab04.csproj", "{4F710DF2-4564-4901-9F44-0AE32D1FE3E3}"
EndProject
Project("{9A19103F-16F7-4668-BE54-9A1E7A4F7556}") = "Assignment01", "Assignment01\Assignment01.csproj", "{436D4031-A211-4356-BD2D-424EA0203D9A}"
EndProject
Project("{9A19103F-16F7-4668-BE54-9A1E7A4F7556}") = "Lab05", "Lab05\Lab05.csproj", "{1C491EB2-C0C5-468A-B784-C10B63F5F092}"
EndProject
Project("{9A19103F-16F7-4668-BE54-9A1E7A4F7556}") = "Lab06", "Lab06\Lab06.csproj", "{F6387B6F-44D3-4CEC-AC5D-53757E601BA7}"
EndProject
Project("{9A19103F-16F7-4668-BE54-9A1E7A4F7556}") = "Assignment02", "Assignment02\Assignment02.csproj", "{6E7EB705-AD16-47D9-ABC0-CA69A130ED91}"
EndProject
Project("{9A19103F-16F7-4668-BE54-9A1E7A4F7556}") = "Lab07", "Lab07\Lab07.csproj", "{8F9710D7-E4A3-4842-80C1-93A67AABF5AB}"
EndProject
Project("{9A19103F-16F7-4668-BE54-9A1E7A4F7556}") = "Lab08", "Lab08\Lab08.csproj", "{FD027B4F-FE3D-4925-8FD4-58BAE9D54425}"
EndProject
Project("{9A19103F-16F7-4668-BE54-9A1E7A4F7556}") = "Lab09", "Lab09\Lab09.csproj", "{5CFB57FF-334E-448D-AF72-7ACAF03831A5}"
EndProject
Project("{9A19103F-16F7-4668-BE54-9A1E7A4F7556}") = "Assignment03", "Assignment03\Assignment03.csproj", "{83FB1F12-38EB-490B-9076-33DE4013B716}"
EndProject
Project("{9A19103F-16F7-4668-BE54-9A1E7A4F7556}") = "Lab10", "Lab10\Lab10.csproj", "{6C0901D2-2BAE-478B-A941-EEE5FC667641}"
EndProject
Project("{9A19103F-16F7-4668-BE54-9A1E7A4F7556}") = "Lab11", "Lab11\Lab11.csproj", "{2D40B91A-33DE-47CF-B46A-E50501F0F3B4}"
EndProject
Project("{9A19103F-16F7-4668-BE54-9A1E7A4F7556}") = "Assignment04", "Assignment04\Assignment04.csproj", "{B4DD0757-6A59-464A-8B91-57F2D3FDE5B1}"
EndProject
Project("{9A19103F-16F7-4668-BE54-9A1E7A4F7556}") = "Assignment05", "Assignment05\Assignment05.csproj", "{C0468044-4CD2-42AD-9805-2A7ECB3EA307}"
EndProject
Project("{FAE04EC0-301F-11D3-BF4B-00C04F79EFBC}") = "Final", "Final\Final.csproj", "{AA2FFA5A-8C52-4573-A0A1-2C42EAA5633F}"
	ProjectSection(ProjectDependencies) = postProject
		{3E92FC2B-B51C-4996-B93B-D5CE500B40B8} = {3E92FC2B-B51C-4996-B93B-D5CE500B40B8}
	EndProjectSection
EndProject
Global
	GlobalSection(SolutionConfigurationPlatforms) = preSolution
		Debug|Any CPU = Debug|Any CPU
		Release|Any CPU = Release|Any CPU
	EndGlobalSection
	GlobalSection(ProjectConfigurationPlatforms) = postSolution
		{34EE6F0D-5A3B-4C55-9924-66D17028A5AB}.Debug|Any CPU.ActiveCfg = Debug|Any CPU
		{34EE6F0D-5A3B-4C55-9924-66D17028A5AB}.Debug|Any CPU.Build.0 = Debug|Any CPU
		{34EE6F0D-5A3B-4C55-9924-66D17028A5AB}.Release|Any CPU.ActiveCfg = Release|Any CPU
		{34EE6F0D-5A3B-4C55-9924-66D17028A5AB}.Release|Any CPU.Build.0 = Release|Any CPU
		{47EA2EAC-D02D-42A7-ABA8-7AA738D000D5}.Debug|Any CPU.ActiveCfg = Debug|Any CPU
		{47EA2EAC-D02D-42A7-ABA8-7AA738D000D5}.Debug|Any CPU.Build.0 = Debug|Any CPU
		{47EA2EAC-D02D-42A7-ABA8-7AA738D000D5}.Release|Any CPU.ActiveCfg = Release|Any CPU
		{47EA2EAC-D02D-42A7-ABA8-7AA738D000D5}.Release|Any CPU.Build.0 = Release|Any CPU
		{4C70BFB0-8C84-4D9D-9AB4-A5FEC5C5CC28}.Debug|Any CPU.ActiveCfg = Debug|Any CPU
		{4C70BFB0-8C84-4D9D-9AB4-A5FEC5C5CC28}.Debug|Any CPU.Build.0 = Debug|Any CPU
		{4C70BFB0-8C84-4D9D-9AB4-A5FEC5C5CC28}.Release|Any CPU.ActiveCfg = Release|Any CPU
		{4C70BFB0-8C84-4D9D-9AB4-A5FEC5C5CC28}.Release|Any CPU.Build.0 = Release|Any CPU
		{3E92FC2B-B51C-4996-B93B-D5CE500B40B8}.Debug|Any CPU.ActiveCfg = Debug|Any CPU
		{3E92FC2B-B51C-4996-B93B-D5CE500B40B8}.Debug|Any CPU.Build.0 = Debug|Any CPU
		{3E92FC2B-B51C-4996-B93B-D5CE500B40B8}.Release|Any CPU.ActiveCfg = Release|Any CPU
		{3E92FC2B-B51C-4996-B93B-D5CE500B40B8}.Release|Any CPU.Build.0 = Release|Any CPU
		{ECAF3457-2624-4C5E-BA6D-9B264C9F74DF}.Debug|Any CPU.ActiveCfg = Debug|Any CPU
		{ECAF3457-2624-4C5E-BA6D-9B264C9F74DF}.Debug|Any CPU.Build.0 = Debug|Any CPU
		{ECAF3457-2624-4C5E-BA6D-9B264C9F74DF}.Release|Any CPU.ActiveCfg = Release|Any CPU
		{ECAF3457-2624-4C5E-BA6D-9B264C9F74DF}.Release|Any CPU.Build.0 = Release|Any CPU
		{4F710DF2-4564-4901-9F44-0AE32D1FE3E3}.Debug|Any CPU.ActiveCfg = Debug|Any CPU
		{4F710DF2-4564-4901-9F44-0AE32D1FE3E3}.Debug|Any CPU.Build.0 = Debug|Any CPU
		{4F710DF2-4564-4901-9F44-0AE32D1FE3E3}.Release|Any CPU.ActiveCfg = Release|Any CPU
		{4F710DF2-4564-4901-9F44-0AE32D1FE3E3}.Release|Any CPU.Build.0 = Release|Any CPU
		{436D4031-A211-4356-BD2D-424EA0203D9A}.Debug|Any CPU.ActiveCfg = Debug|Any CPU
		{436D4031-A211-4356-BD2D-424EA0203D9A}.Debug|Any CPU.Build.0 = Debug|Any CPU
		{436D4031-A211-4356-BD2D-424EA0203D9A}.Release|Any CPU.ActiveCfg = Release|Any CPU
		{436D4031-A211-4356-BD2D-424EA0203D9A}.Release|Any CPU.Build.0 = Release|Any CPU
		{1C491EB2-C0C5-468A-B784-C10B63F5F092}.Debug|Any CPU.ActiveCfg = Debug|Any CPU
		{1C491EB2-C0C5-468A-B784-C10B63F5F092}.Debug|Any CPU.Build.0 = Debug|Any CPU
		{1C491EB2-C0C5-468A-B784-C10B63F5F092}.Release|Any CPU.ActiveCfg = Release|Any CPU
		{1C491EB2-C0C5-468A-B784-C10B63F5F092}.Release|Any CPU.Build.0 = Release|Any CPU
		{F6387B6F-44D3-4CEC-AC5D-53757E601BA7}.Debug|Any CPU.ActiveCfg = Debug|Any CPU
		{F6387B6F-44D3-4CEC-AC5D-53757E601BA7}.Debug|Any CPU.Build.0 = Debug|Any CPU
		{F6387B6F-44D3-4CEC-AC5D-53757E601BA7}.Release|Any CPU.ActiveCfg = Release|Any CPU
		{F6387B6F-44D3-4CEC-AC5D-53757E601BA7}.Release|Any CPU.Build.0 = Release|Any CPU
		{6E7EB705-AD16-47D9-ABC0-CA69A130ED91}.Debug|Any CPU.ActiveCfg = Debug|Any CPU
		{6E7EB705-AD16-47D9-ABC0-CA69A130ED91}.Debug|Any CPU.Build.0 = Debug|Any CPU
		{6E7EB705-AD16-47D9-ABC0-CA69A130ED91}.Release|Any CPU.ActiveCfg = Release|Any CPU
		{6E7EB705-AD16-47D9-ABC0-CA69A130ED91}.Release|Any CPU.Build.0 = Release|Any CPU
		{8F9710D7-E4A3-4842-80C1-93A67AABF5AB}.Debug|Any CPU.ActiveCfg = Debug|Any CPU
		{8F9710D7-E4A3-4842-80C1-93A67AABF5AB}.Debug|Any CPU.Build.0 = Debug|Any CPU
		{8F9710D7-E4A3-4842-80C1-93A67AABF5AB}.Release|Any CPU.ActiveCfg = Release|Any CPU
		{8F9710D7-E4A3-4842-80C1-93A67AABF5AB}.Release|Any CPU.Build.0 = Release|Any CPU
		{FD027B4F-FE3D-4925-8FD4-58BAE9D54425}.Debug|Any CPU.ActiveCfg = Debug|Any CPU
		{FD027B4F-FE3D-4925-8FD4-58BAE9D54425}.Debug|Any CPU.Build.0 = Debug|Any CPU
		{FD027B4F-FE3D-4925-8FD4-58BAE9D54425}.Release|Any CPU.ActiveCfg = Release|Any CPU
		{FD027B4F-FE3D-4925-8FD4-58BAE9D54425}.Release|Any CPU.Build.0 = Release|Any CPU
		{5CFB57FF-334E-448D-AF72-7ACAF03831A5}.Debug|Any CPU.ActiveCfg = Debug|Any CPU
		{5CFB57FF-334E-448D-AF72-7ACAF03831A5}.Debug|Any CPU.Build.0 = Debug|Any CPU
		{5CFB57FF-334E-448D-AF72-7ACAF03831A5}.Release|Any CPU.ActiveCfg = Release|Any CPU
		{5CFB57FF-334E-448D-AF72-7ACAF03831A5}.Release|Any CPU.Build.0 = Release|Any CPU
		{83FB1F12-38EB-490B-9076-33DE4013B716}.Debug|Any CPU.ActiveCfg = Debug|Any CPU
		{83FB1F12-38EB-490B-9076-33DE4013B716}.Debug|Any CPU.Build.0 = Debug|Any CPU
		{83FB1F12-38EB-490B-9076-33DE4013B716}.Release|Any CPU.ActiveCfg = Release|Any CPU
		{83FB1F12-38EB-490B-9076-33DE4013B716}.Release|Any CPU.Build.0 = Release|Any CPU
		{6C0901D2-2BAE-478B-A941-EEE5FC667641}.Debug|Any CPU.ActiveCfg = Debug|Any CPU
		{6C0901D2-2BAE-478B-A941-EEE5FC667641}.Debug|Any CPU.Build.0 = Debug|Any CPU
		{6C0901D2-2BAE-478B-A941-EEE5FC667641}.Release|Any CPU.ActiveCfg = Release|Any CPU
		{6C0901D2-2BAE-478B-A941-EEE5FC667641}.Release|Any CPU.Build.0 = Release|Any CPU
		{2D40B91A-33DE-47CF-B46A-E50501F0F3B4}.Debug|Any CPU.ActiveCfg = Debug|Any CPU
		{2D40B91A-33DE-47CF-B46A-E50501F0F3B4}.Debug|Any CPU.Build.0 = Debug|Any CPU
		{2D40B91A-33DE-47CF-B46A-E50501F0F3B4}.Release|Any CPU.ActiveCfg = Release|Any CPU
		{2D40B91A-33DE-47CF-B46A-E50501F0F3B4}.Release|Any CPU.Build.0 = Release|Any CPU
		{B4DD0757-6A59-464A-8B91-57F2D3FDE5B1}.Debug|Any CPU.ActiveCfg = Debug|Any CPU
		{B4DD0757-6A59-464A-8B91-57F2D3FDE5B1}.Debug|Any CPU.Build.0 = Debug|Any CPU
		{B4DD0757-6A59-464A-8B91-57F2D3FDE5B1}.Release|Any CPU.ActiveCfg = Release|Any CPU
		{B4DD0757-6A59-464A-8B91-57F2D3FDE5B1}.Release|Any CPU.Build.0 = Release|Any CPU
		{C0468044-4CD2-42AD-9805-2A7ECB3EA307}.Debug|Any CPU.ActiveCfg = Debug|Any CPU
		{C0468044-4CD2-42AD-9805-2A7ECB3EA307}.Debug|Any CPU.Build.0 = Debug|Any CPU
		{C0468044-4CD2-42AD-9805-2A7ECB3EA307}.Release|Any CPU.ActiveCfg = Release|Any CPU
		{C0468044-4CD2-42AD-9805-2A7ECB3EA307}.Release|Any CPU.Build.0 = Release|Any CPU
		{AA2FFA5A-8C52-4573-A0A1-2C42EAA5633F}.Debug|Any CPU.ActiveCfg = Debug|Any CPU
		{AA2FFA5A-8C52-4573-A0A1-2C42EAA5633F}.Debug|Any CPU.Build.0 = Debug|Any CPU
		{AA2FFA5A-8C52-4573-A0A1-2C42EAA5633F}.Release|Any CPU.ActiveCfg = Release|Any CPU
		{AA2FFA5A-8C52-4573-A0A1-2C42EAA5633F}.Release|Any CPU.Build.0 = Release|Any CPU
	EndGlobalSection
	GlobalSection(SolutionProperties) = preSolution
		HideSolutionNode = FALSE
	EndGlobalSection
	GlobalSection(ExtensibilityGlobals) = postSolution
		SolutionGuid = {84CE1DE0-3B34-4059-915B-B0E7CEC5A31E}
	EndGlobalSection
EndGlobal
